
Microsoft Visual Studio Solution File, Format Version 12.00
# Visual Studio Version 16
VisualStudioVersion = 16.0.30517.126
MinimumVisualStudioVersion = 10.0.40219.1
Project("{FAE04EC0-301F-11D3-BF4B-00C04F79EFBC}") = "Capstone Project", "Capstone Project\Capstone Project.csproj", "{2CB338D9-132F-4030-8A17-21F04B6BA4DE}"
EndProject
Global
	GlobalSection(SolutionConfigurationPlatforms) = preSolution
		Debug|Any CPU = Debug|Any CPU
		Release|Any CPU = Release|Any CPU
	EndGlobalSection
	GlobalSection(ProjectConfigurationPlatforms) = postSolution
		{2CB338D9-132F-4030-8A17-21F04B6BA4DE}.Debug|Any CPU.ActiveCfg = Debug|Any CPU
		{2CB338D9-132F-4030-8A17-21F04B6BA4DE}.Debug|Any CPU.Build.0 = Debug|Any CPU
		{2CB338D9-132F-4030-8A17-21F04B6BA4DE}.Release|Any CPU.ActiveCfg = Release|Any CPU
		{2CB338D9-132F-4030-8A17-21F04B6BA4DE}.Release|Any CPU.Build.0 = Release|Any CPU
	EndGlobalSection
	GlobalSection(SolutionProperties) = preSolution
		HideSolutionNode = FALSE
	EndGlobalSection
	GlobalSection(ExtensibilityGlobals) = postSolution
		SolutionGuid = {24C64984-51A1-4664-A037-4FC5C39B88AD}
	EndGlobalSection
EndGlobal
